
Microsoft Visual Studio Solution File, Format Version 12.00
# Visual Studio 15
VisualStudioVersion = 15.0.28010.2050
MinimumVisualStudioVersion = 10.0.40219.1
Project("{2150E333-8FDC-42A3-9474-1A3956D46DE8}") = "Auth", "Auth", "{9FAD3667-1C7D-49A1-80E9-BAE7B5D0F708}"
EndProject
Project("{2150E333-8FDC-42A3-9474-1A3956D46DE8}") = "Core", "Core", "{39C216CB-DE1E-4531-B0C2-32BB07778FF1}"
EndProject
Project("{FAE04EC0-301F-11D3-BF4B-00C04F79EFBC}") = "Ryusei.JSpot.Auth.Ent", "Ryusei.JSpot.Auth.Ent\Ryusei.JSpot.Auth.Ent.csproj", "{5561B0DA-692A-479B-B9F1-E6BDCE4BD973}"
EndProject
Project("{FAE04EC0-301F-11D3-BF4B-00C04F79EFBC}") = "Ryusei.JSpot.Core.Ent", "Ryusei.JSpot.Core.Ent\Ryusei.JSpot.Core.Ent.csproj", "{A4A9591A-334D-4BD9-BDE7-449ADFF70480}"
EndProject
Project("{2150E333-8FDC-42A3-9474-1A3956D46DE8}") = "Data", "Data", "{51F6785A-7FA3-4C3D-B4DA-9A7A73BCF392}"
EndProject
Project("{FAE04EC0-301F-11D3-BF4B-00C04F79EFBC}") = "Ryusei.JSpot.Data", "Ryusei.JSpot.Data\Ryusei.JSpot.Data.csproj", "{BDD84973-8035-4915-8ABF-C9AFD29DE55F}"
EndProject
Project("{2150E333-8FDC-42A3-9474-1A3956D46DE8}") = "Security", "Security", "{81273B44-1B8E-46E3-8815-4F38C99E8170}"
EndProject
Project("{FAE04EC0-301F-11D3-BF4B-00C04F79EFBC}") = "Ryusei.JSpot.Auth.Attr.Common", "Ryusei.JSpot.Auth.Attr.Common\Ryusei.JSpot.Auth.Attr.Common.csproj", "{188C4413-6F4B-49FD-92BB-47247372F54E}"
EndProject
Project("{FAE04EC0-301F-11D3-BF4B-00C04F79EFBC}") = "Ryusei.JSpot.Auth.Attr.Mvc", "Ryusei.JSpot.Auth.Attr.Mvc\Ryusei.JSpot.Auth.Attr.Mvc.csproj", "{C80024C7-1A79-4C67-BDE3-DB318B0A84C5}"
EndProject
Project("{FAE04EC0-301F-11D3-BF4B-00C04F79EFBC}") = "Ryusei.JSpot.Auth.Attr.WebApi", "Ryusei.JSpot.Auth.Attr.WebApi\Ryusei.JSpot.Auth.Attr.WebApi.csproj", "{064ED874-34D0-4931-B6EC-CEEDE059E6EB}"
EndProject
Project("{FAE04EC0-301F-11D3-BF4B-00C04F79EFBC}") = "Ryusei.JSpot.Auth.Provider.Fty", "Ryusei.JSpot.Auth.Provider.Fty\Ryusei.JSpot.Auth.Provider.Fty.csproj", "{37D412CF-733E-4611-8D9B-3C786BFAFDD5}"
EndProject
Project("{FAE04EC0-301F-11D3-BF4B-00C04F79EFBC}") = "Ryusei.JSpot.Auth.WebBase", "Ryusei.JSpot.Auth.WebBase\Ryusei.JSpot.Auth.WebBase.csproj", "{F0505C1E-1B45-4DA9-882C-F44ECAB5E2BB}"
EndProject
Project("{2150E333-8FDC-42A3-9474-1A3956D46DE8}") = "ProviderInstance", "ProviderInstance", "{609848ED-C489-4B3D-B77E-B310EEA72014}"
EndProject
Project("{FAE04EC0-301F-11D3-BF4B-00C04F79EFBC}") = "Ryusei.JSpot.Auth.Provider.Inst.Basic", "Ryusei.JSpot.Auth.Provider.Inst.Basic\Ryusei.JSpot.Auth.Provider.Inst.Basic.csproj", "{2076EB1D-F0A6-45CF-B606-01BB9B152BA7}"
EndProject
Project("{FAE04EC0-301F-11D3-BF4B-00C04F79EFBC}") = "Ryusei.JSpot.Auth.Mgr", "Ryusei.JSpot.Auth.Mgr\Ryusei.JSpot.Auth.Mgr.csproj", "{DB3FF9D0-2959-4B62-9D01-73E602F0B038}"
EndProject
Project("{FAE04EC0-301F-11D3-BF4B-00C04F79EFBC}") = "Ryusei.JSpot.Auth.Fty", "Ryusei.JSpot.Aut.Fty\Ryusei.JSpot.Auth.Fty.csproj", "{64BE9D60-24BA-4320-B2EB-756DABC62109}"
EndProject
Project("{2150E333-8FDC-42A3-9474-1A3956D46DE8}") = "Exception", "Exception", "{BE0B555D-7FE0-49DA-A06C-FE91D50881F1}"
EndProject
Project("{FAE04EC0-301F-11D3-BF4B-00C04F79EFBC}") = "Ryusei.Exception", "Ryusei.Exception\Ryusei.Exception.csproj", "{78663F74-05DC-41C4-A79A-144CE6D6C16C}"
EndProject
Project("{FAE04EC0-301F-11D3-BF4B-00C04F79EFBC}") = "Ryusei.JSpot.Auth.Wrap", "Ryusei.JSpot.Auth.Wrap\Ryusei.JSpot.Auth.Wrap.csproj", "{9D3130F1-2A9B-46DE-83E6-9E7BF77312C6}"
EndProject
Project("{2150E333-8FDC-42A3-9474-1A3956D46DE8}") = "Messages", "Messages", "{F074B393-1E07-482B-9FB1-8E6751247936}"
EndProject
Project("{FAE04EC0-301F-11D3-BF4B-00C04F79EFBC}") = "Ryusei.Message", "Ryusei.Message\Ryusei.Message.csproj", "{63F7BECF-F001-43BA-B293-3F06092E83B3}"
EndProject
Project("{FAE04EC0-301F-11D3-BF4B-00C04F79EFBC}") = "Ryusei.JSpot.Auth.WebApi", "Ryusei.JSpot.Auth.WebApi\Ryusei.JSpot.Auth.WebApi.csproj", "{98CB62C1-DAE1-4BED-94D9-9BA4C1166721}"
EndProject
Project("{FAE04EC0-301F-11D3-BF4B-00C04F79EFBC}") = "Ryusei.JSpot.Auth.Prm", "Ryusei.JSpot.Auth.Prm\Ryusei.JSpot.Auth.Prm.csproj", "{95B51385-768E-4FCD-A352-7DAF0DAB013A}"
EndProject
Project("{FAE04EC0-301F-11D3-BF4B-00C04F79EFBC}") = "Ryusei.JSpot.Auth.View", "Ryusei.JSpot.Auth.View\Ryusei.JSpot.Auth.View.csproj", "{2D38BC15-1CD1-4E53-BF8C-90EEE58CA76E}"
EndProject
Project("{2150E333-8FDC-42A3-9474-1A3956D46DE8}") = "Logger", "Logger", "{A8C4FE65-919B-43E8-8DEB-E0D6CADC083D}"
EndProject
Project("{FAE04EC0-301F-11D3-BF4B-00C04F79EFBC}") = "Ryusei.Logger.Ent", "Ryusei.Logger.Ent\Ryusei.Logger.Ent.csproj", "{5447770B-E61E-4F61-9E89-5419E04A21ED}"
EndProject
Project("{FAE04EC0-301F-11D3-BF4B-00C04F79EFBC}") = "Ryusei.Logger.Mgr", "Ryusei.Logger.Mgr\Ryusei.Logger.Mgr.csproj", "{ED4962BA-BE68-4989-9E2D-50241EAAAFBB}"
EndProject
Project("{FAE04EC0-301F-11D3-BF4B-00C04F79EFBC}") = "Ryusei.Logger.Fty", "Ryusei.Logger.Fty\Ryusei.Logger.Fty.csproj", "{34779FA3-D84D-4221-93CD-70BA69FD496B}"
EndProject
Project("{FAE04EC0-301F-11D3-BF4B-00C04F79EFBC}") = "Ryusei.Logger.Wrap", "Ryusei.Logger.Wrap\Ryusei.Logger.Wrap.csproj", "{F7D37631-8C5C-4804-ACAC-265D272C4022}"
EndProject
Project("{2150E333-8FDC-42A3-9474-1A3956D46DE8}") = "Web", "Web", "{EF5E5080-114B-4A5B-A1B2-304E28A2D3ED}"
EndProject
Project("{FAE04EC0-301F-11D3-BF4B-00C04F79EFBC}") = "Ryusei.Web", "Ryusei.Web\Ryusei.Web.csproj", "{154F14FF-5BE9-4085-B35A-ECF048118DBB}"
EndProject
Project("{2150E333-8FDC-42A3-9474-1A3956D46DE8}") = "Crypto", "Crypto", "{F3B31D64-6B08-40CA-A094-6E8FD417CE5F}"
EndProject
Project("{FAE04EC0-301F-11D3-BF4B-00C04F79EFBC}") = "Ryusei.Crypto", "Ryusei.Crypto\Ryusei.Crypto.csproj", "{DE366C43-6FE8-4BCF-A4C6-0DFAB58AEF24}"
EndProject
Project("{2150E333-8FDC-42A3-9474-1A3956D46DE8}") = "JSpot", "JSpot", "{B69DBF02-E2AD-4BBD-8A4D-9CCDB3235863}"
EndProject
Project("{FAE04EC0-301F-11D3-BF4B-00C04F79EFBC}") = "Ryusei.JSpot.WebApp", "Ryusei.JSpot.WebApp\Ryusei.JSpot.WebApp.csproj", "{478305CD-EEC3-417F-9C0C-0AC0618EDDEF}"
EndProject
Project("{2150E333-8FDC-42A3-9474-1A3956D46DE8}") = "Storage", "Storage", "{12DF36F1-EEEC-45CF-9E0F-984AA58D4330}"
EndProject
Project("{FAE04EC0-301F-11D3-BF4B-00C04F79EFBC}") = "Ryusei.Storage.Fty", "Ryusei.Storage.Fty\Ryusei.Storage.Fty.csproj", "{5A74CA45-F11C-491D-962F-37FC9F4F274D}"
EndProject
Project("{FAE04EC0-301F-11D3-BF4B-00C04F79EFBC}") = "Ryusei.Storage.Mgr", "Ryusei.Storage.Mgr\Ryusei.Storage.Mgr.csproj", "{40097E5C-3CC6-460B-A5DD-E5291669CF52}"
EndProject
Project("{FAE04EC0-301F-11D3-BF4B-00C04F79EFBC}") = "Ryusei.JSpot.Core.Mgr", "Ryusei.JSpot.Core.Mgr\Ryusei.JSpot.Core.Mgr.csproj", "{806A4E9D-5231-41FC-B889-329350253FE7}"
EndProject
Project("{FAE04EC0-301F-11D3-BF4B-00C04F79EFBC}") = "Ryusei.JSpot.Core.Fty", "Ryusei.JSpot.Core.Fty\Ryusei.JSpot.Core.Fty.csproj", "{74FA2A71-AF85-46E3-A105-CF1161DB713D}"
EndProject
Project("{FAE04EC0-301F-11D3-BF4B-00C04F79EFBC}") = "Ryusei.JSpot.Core.WebApi", "Ryusei.JSpot.Core.WebApi\Ryusei.JSpot.Core.WebApi.csproj", "{A33CD810-8718-48A7-A7F5-6E33D3E970F0}"
EndProject
Project("{FAE04EC0-301F-11D3-BF4B-00C04F79EFBC}") = "Ryusei.JSpot.Core.Prm", "Ryusei.JSpot.Core.Prm\Ryusei.JSpot.Core.Prm.csproj", "{C489E5FB-016D-4A36-A909-20474C94B4F8}"
EndProject
Project("{FAE04EC0-301F-11D3-BF4B-00C04F79EFBC}") = "Ryusei.JSpot.Core.Wrap", "Ryusei.JSpot.Core.Wrap\Ryusei.JSpot.Core.Wrap.csproj", "{14E3F65E-2DB6-4522-B77A-BC51672413EB}"
EndProject
Global
	GlobalSection(SolutionConfigurationPlatforms) = preSolution
		Debug|Any CPU = Debug|Any CPU
		Release|Any CPU = Release|Any CPU
	EndGlobalSection
	GlobalSection(ProjectConfigurationPlatforms) = postSolution
		{5561B0DA-692A-479B-B9F1-E6BDCE4BD973}.Debug|Any CPU.ActiveCfg = Debug|Any CPU
		{5561B0DA-692A-479B-B9F1-E6BDCE4BD973}.Debug|Any CPU.Build.0 = Debug|Any CPU
		{5561B0DA-692A-479B-B9F1-E6BDCE4BD973}.Release|Any CPU.ActiveCfg = Release|Any CPU
		{5561B0DA-692A-479B-B9F1-E6BDCE4BD973}.Release|Any CPU.Build.0 = Release|Any CPU
		{A4A9591A-334D-4BD9-BDE7-449ADFF70480}.Debug|Any CPU.ActiveCfg = Debug|Any CPU
		{A4A9591A-334D-4BD9-BDE7-449ADFF70480}.Debug|Any CPU.Build.0 = Debug|Any CPU
		{A4A9591A-334D-4BD9-BDE7-449ADFF70480}.Release|Any CPU.ActiveCfg = Release|Any CPU
		{A4A9591A-334D-4BD9-BDE7-449ADFF70480}.Release|Any CPU.Build.0 = Release|Any CPU
		{BDD84973-8035-4915-8ABF-C9AFD29DE55F}.Debug|Any CPU.ActiveCfg = Debug|Any CPU
		{BDD84973-8035-4915-8ABF-C9AFD29DE55F}.Debug|Any CPU.Build.0 = Debug|Any CPU
		{BDD84973-8035-4915-8ABF-C9AFD29DE55F}.Release|Any CPU.ActiveCfg = Release|Any CPU
		{BDD84973-8035-4915-8ABF-C9AFD29DE55F}.Release|Any CPU.Build.0 = Release|Any CPU
		{188C4413-6F4B-49FD-92BB-47247372F54E}.Debug|Any CPU.ActiveCfg = Debug|Any CPU
		{188C4413-6F4B-49FD-92BB-47247372F54E}.Debug|Any CPU.Build.0 = Debug|Any CPU
		{188C4413-6F4B-49FD-92BB-47247372F54E}.Release|Any CPU.ActiveCfg = Release|Any CPU
		{188C4413-6F4B-49FD-92BB-47247372F54E}.Release|Any CPU.Build.0 = Release|Any CPU
		{C80024C7-1A79-4C67-BDE3-DB318B0A84C5}.Debug|Any CPU.ActiveCfg = Debug|Any CPU
		{C80024C7-1A79-4C67-BDE3-DB318B0A84C5}.Debug|Any CPU.Build.0 = Debug|Any CPU
		{C80024C7-1A79-4C67-BDE3-DB318B0A84C5}.Release|Any CPU.ActiveCfg = Release|Any CPU
		{C80024C7-1A79-4C67-BDE3-DB318B0A84C5}.Release|Any CPU.Build.0 = Release|Any CPU
		{064ED874-34D0-4931-B6EC-CEEDE059E6EB}.Debug|Any CPU.ActiveCfg = Debug|Any CPU
		{064ED874-34D0-4931-B6EC-CEEDE059E6EB}.Debug|Any CPU.Build.0 = Debug|Any CPU
		{064ED874-34D0-4931-B6EC-CEEDE059E6EB}.Release|Any CPU.ActiveCfg = Release|Any CPU
		{064ED874-34D0-4931-B6EC-CEEDE059E6EB}.Release|Any CPU.Build.0 = Release|Any CPU
		{37D412CF-733E-4611-8D9B-3C786BFAFDD5}.Debug|Any CPU.ActiveCfg = Debug|Any CPU
		{37D412CF-733E-4611-8D9B-3C786BFAFDD5}.Debug|Any CPU.Build.0 = Debug|Any CPU
		{37D412CF-733E-4611-8D9B-3C786BFAFDD5}.Release|Any CPU.ActiveCfg = Release|Any CPU
		{37D412CF-733E-4611-8D9B-3C786BFAFDD5}.Release|Any CPU.Build.0 = Release|Any CPU
		{F0505C1E-1B45-4DA9-882C-F44ECAB5E2BB}.Debug|Any CPU.ActiveCfg = Debug|Any CPU
		{F0505C1E-1B45-4DA9-882C-F44ECAB5E2BB}.Debug|Any CPU.Build.0 = Debug|Any CPU
		{F0505C1E-1B45-4DA9-882C-F44ECAB5E2BB}.Release|Any CPU.ActiveCfg = Release|Any CPU
		{F0505C1E-1B45-4DA9-882C-F44ECAB5E2BB}.Release|Any CPU.Build.0 = Release|Any CPU
		{2076EB1D-F0A6-45CF-B606-01BB9B152BA7}.Debug|Any CPU.ActiveCfg = Debug|Any CPU
		{2076EB1D-F0A6-45CF-B606-01BB9B152BA7}.Debug|Any CPU.Build.0 = Debug|Any CPU
		{2076EB1D-F0A6-45CF-B606-01BB9B152BA7}.Release|Any CPU.ActiveCfg = Release|Any CPU
		{2076EB1D-F0A6-45CF-B606-01BB9B152BA7}.Release|Any CPU.Build.0 = Release|Any CPU
		{DB3FF9D0-2959-4B62-9D01-73E602F0B038}.Debug|Any CPU.ActiveCfg = Debug|Any CPU
		{DB3FF9D0-2959-4B62-9D01-73E602F0B038}.Debug|Any CPU.Build.0 = Debug|Any CPU
		{DB3FF9D0-2959-4B62-9D01-73E602F0B038}.Release|Any CPU.ActiveCfg = Release|Any CPU
		{DB3FF9D0-2959-4B62-9D01-73E602F0B038}.Release|Any CPU.Build.0 = Release|Any CPU
		{64BE9D60-24BA-4320-B2EB-756DABC62109}.Debug|Any CPU.ActiveCfg = Debug|Any CPU
		{64BE9D60-24BA-4320-B2EB-756DABC62109}.Debug|Any CPU.Build.0 = Debug|Any CPU
		{64BE9D60-24BA-4320-B2EB-756DABC62109}.Release|Any CPU.ActiveCfg = Release|Any CPU
		{64BE9D60-24BA-4320-B2EB-756DABC62109}.Release|Any CPU.Build.0 = Release|Any CPU
		{78663F74-05DC-41C4-A79A-144CE6D6C16C}.Debug|Any CPU.ActiveCfg = Debug|Any CPU
		{78663F74-05DC-41C4-A79A-144CE6D6C16C}.Debug|Any CPU.Build.0 = Debug|Any CPU
		{78663F74-05DC-41C4-A79A-144CE6D6C16C}.Release|Any CPU.ActiveCfg = Release|Any CPU
		{78663F74-05DC-41C4-A79A-144CE6D6C16C}.Release|Any CPU.Build.0 = Release|Any CPU
		{9D3130F1-2A9B-46DE-83E6-9E7BF77312C6}.Debug|Any CPU.ActiveCfg = Debug|Any CPU
		{9D3130F1-2A9B-46DE-83E6-9E7BF77312C6}.Debug|Any CPU.Build.0 = Debug|Any CPU
		{9D3130F1-2A9B-46DE-83E6-9E7BF77312C6}.Release|Any CPU.ActiveCfg = Release|Any CPU
		{9D3130F1-2A9B-46DE-83E6-9E7BF77312C6}.Release|Any CPU.Build.0 = Release|Any CPU
		{63F7BECF-F001-43BA-B293-3F06092E83B3}.Debug|Any CPU.ActiveCfg = Debug|Any CPU
		{63F7BECF-F001-43BA-B293-3F06092E83B3}.Debug|Any CPU.Build.0 = Debug|Any CPU
		{63F7BECF-F001-43BA-B293-3F06092E83B3}.Release|Any CPU.ActiveCfg = Release|Any CPU
		{63F7BECF-F001-43BA-B293-3F06092E83B3}.Release|Any CPU.Build.0 = Release|Any CPU
		{98CB62C1-DAE1-4BED-94D9-9BA4C1166721}.Debug|Any CPU.ActiveCfg = Debug|Any CPU
		{98CB62C1-DAE1-4BED-94D9-9BA4C1166721}.Debug|Any CPU.Build.0 = Debug|Any CPU
		{98CB62C1-DAE1-4BED-94D9-9BA4C1166721}.Release|Any CPU.ActiveCfg = Release|Any CPU
		{98CB62C1-DAE1-4BED-94D9-9BA4C1166721}.Release|Any CPU.Build.0 = Release|Any CPU
		{95B51385-768E-4FCD-A352-7DAF0DAB013A}.Debug|Any CPU.ActiveCfg = Debug|Any CPU
		{95B51385-768E-4FCD-A352-7DAF0DAB013A}.Debug|Any CPU.Build.0 = Debug|Any CPU
		{95B51385-768E-4FCD-A352-7DAF0DAB013A}.Release|Any CPU.ActiveCfg = Release|Any CPU
		{95B51385-768E-4FCD-A352-7DAF0DAB013A}.Release|Any CPU.Build.0 = Release|Any CPU
		{2D38BC15-1CD1-4E53-BF8C-90EEE58CA76E}.Debug|Any CPU.ActiveCfg = Debug|Any CPU
		{2D38BC15-1CD1-4E53-BF8C-90EEE58CA76E}.Debug|Any CPU.Build.0 = Debug|Any CPU
		{2D38BC15-1CD1-4E53-BF8C-90EEE58CA76E}.Release|Any CPU.ActiveCfg = Release|Any CPU
		{2D38BC15-1CD1-4E53-BF8C-90EEE58CA76E}.Release|Any CPU.Build.0 = Release|Any CPU
		{5447770B-E61E-4F61-9E89-5419E04A21ED}.Debug|Any CPU.ActiveCfg = Debug|Any CPU
		{5447770B-E61E-4F61-9E89-5419E04A21ED}.Debug|Any CPU.Build.0 = Debug|Any CPU
		{5447770B-E61E-4F61-9E89-5419E04A21ED}.Release|Any CPU.ActiveCfg = Release|Any CPU
		{5447770B-E61E-4F61-9E89-5419E04A21ED}.Release|Any CPU.Build.0 = Release|Any CPU
		{ED4962BA-BE68-4989-9E2D-50241EAAAFBB}.Debug|Any CPU.ActiveCfg = Debug|Any CPU
		{ED4962BA-BE68-4989-9E2D-50241EAAAFBB}.Debug|Any CPU.Build.0 = Debug|Any CPU
		{ED4962BA-BE68-4989-9E2D-50241EAAAFBB}.Release|Any CPU.ActiveCfg = Release|Any CPU
		{ED4962BA-BE68-4989-9E2D-50241EAAAFBB}.Release|Any CPU.Build.0 = Release|Any CPU
		{34779FA3-D84D-4221-93CD-70BA69FD496B}.Debug|Any CPU.ActiveCfg = Debug|Any CPU
		{34779FA3-D84D-4221-93CD-70BA69FD496B}.Debug|Any CPU.Build.0 = Debug|Any CPU
		{34779FA3-D84D-4221-93CD-70BA69FD496B}.Release|Any CPU.ActiveCfg = Release|Any CPU
		{34779FA3-D84D-4221-93CD-70BA69FD496B}.Release|Any CPU.Build.0 = Release|Any CPU
		{F7D37631-8C5C-4804-ACAC-265D272C4022}.Debug|Any CPU.ActiveCfg = Debug|Any CPU
		{F7D37631-8C5C-4804-ACAC-265D272C4022}.Debug|Any CPU.Build.0 = Debug|Any CPU
		{F7D37631-8C5C-4804-ACAC-265D272C4022}.Release|Any CPU.ActiveCfg = Release|Any CPU
		{F7D37631-8C5C-4804-ACAC-265D272C4022}.Release|Any CPU.Build.0 = Release|Any CPU
		{154F14FF-5BE9-4085-B35A-ECF048118DBB}.Debug|Any CPU.ActiveCfg = Debug|Any CPU
		{154F14FF-5BE9-4085-B35A-ECF048118DBB}.Debug|Any CPU.Build.0 = Debug|Any CPU
		{154F14FF-5BE9-4085-B35A-ECF048118DBB}.Release|Any CPU.ActiveCfg = Release|Any CPU
		{154F14FF-5BE9-4085-B35A-ECF048118DBB}.Release|Any CPU.Build.0 = Release|Any CPU
		{DE366C43-6FE8-4BCF-A4C6-0DFAB58AEF24}.Debug|Any CPU.ActiveCfg = Debug|Any CPU
		{DE366C43-6FE8-4BCF-A4C6-0DFAB58AEF24}.Debug|Any CPU.Build.0 = Debug|Any CPU
		{DE366C43-6FE8-4BCF-A4C6-0DFAB58AEF24}.Release|Any CPU.ActiveCfg = Release|Any CPU
		{DE366C43-6FE8-4BCF-A4C6-0DFAB58AEF24}.Release|Any CPU.Build.0 = Release|Any CPU
		{478305CD-EEC3-417F-9C0C-0AC0618EDDEF}.Debug|Any CPU.ActiveCfg = Debug|Any CPU
		{478305CD-EEC3-417F-9C0C-0AC0618EDDEF}.Debug|Any CPU.Build.0 = Debug|Any CPU
		{478305CD-EEC3-417F-9C0C-0AC0618EDDEF}.Release|Any CPU.ActiveCfg = Release|Any CPU
		{478305CD-EEC3-417F-9C0C-0AC0618EDDEF}.Release|Any CPU.Build.0 = Release|Any CPU
		{5A74CA45-F11C-491D-962F-37FC9F4F274D}.Debug|Any CPU.ActiveCfg = Debug|Any CPU
		{5A74CA45-F11C-491D-962F-37FC9F4F274D}.Debug|Any CPU.Build.0 = Debug|Any CPU
		{5A74CA45-F11C-491D-962F-37FC9F4F274D}.Release|Any CPU.ActiveCfg = Release|Any CPU
		{5A74CA45-F11C-491D-962F-37FC9F4F274D}.Release|Any CPU.Build.0 = Release|Any CPU
		{40097E5C-3CC6-460B-A5DD-E5291669CF52}.Debug|Any CPU.ActiveCfg = Debug|Any CPU
		{40097E5C-3CC6-460B-A5DD-E5291669CF52}.Debug|Any CPU.Build.0 = Debug|Any CPU
		{40097E5C-3CC6-460B-A5DD-E5291669CF52}.Release|Any CPU.ActiveCfg = Release|Any CPU
		{40097E5C-3CC6-460B-A5DD-E5291669CF52}.Release|Any CPU.Build.0 = Release|Any CPU
		{806A4E9D-5231-41FC-B889-329350253FE7}.Debug|Any CPU.ActiveCfg = Debug|Any CPU
		{806A4E9D-5231-41FC-B889-329350253FE7}.Debug|Any CPU.Build.0 = Debug|Any CPU
		{806A4E9D-5231-41FC-B889-329350253FE7}.Release|Any CPU.ActiveCfg = Release|Any CPU
		{806A4E9D-5231-41FC-B889-329350253FE7}.Release|Any CPU.Build.0 = Release|Any CPU
		{74FA2A71-AF85-46E3-A105-CF1161DB713D}.Debug|Any CPU.ActiveCfg = Debug|Any CPU
		{74FA2A71-AF85-46E3-A105-CF1161DB713D}.Debug|Any CPU.Build.0 = Debug|Any CPU
		{74FA2A71-AF85-46E3-A105-CF1161DB713D}.Release|Any CPU.ActiveCfg = Release|Any CPU
		{74FA2A71-AF85-46E3-A105-CF1161DB713D}.Release|Any CPU.Build.0 = Release|Any CPU
		{A33CD810-8718-48A7-A7F5-6E33D3E970F0}.Debug|Any CPU.ActiveCfg = Debug|Any CPU
		{A33CD810-8718-48A7-A7F5-6E33D3E970F0}.Debug|Any CPU.Build.0 = Debug|Any CPU
		{A33CD810-8718-48A7-A7F5-6E33D3E970F0}.Release|Any CPU.ActiveCfg = Release|Any CPU
		{A33CD810-8718-48A7-A7F5-6E33D3E970F0}.Release|Any CPU.Build.0 = Release|Any CPU
		{C489E5FB-016D-4A36-A909-20474C94B4F8}.Debug|Any CPU.ActiveCfg = Debug|Any CPU
		{C489E5FB-016D-4A36-A909-20474C94B4F8}.Debug|Any CPU.Build.0 = Debug|Any CPU
		{C489E5FB-016D-4A36-A909-20474C94B4F8}.Release|Any CPU.ActiveCfg = Release|Any CPU
		{C489E5FB-016D-4A36-A909-20474C94B4F8}.Release|Any CPU.Build.0 = Release|Any CPU
		{14E3F65E-2DB6-4522-B77A-BC51672413EB}.Debug|Any CPU.ActiveCfg = Debug|Any CPU
		{14E3F65E-2DB6-4522-B77A-BC51672413EB}.Debug|Any CPU.Build.0 = Debug|Any CPU
		{14E3F65E-2DB6-4522-B77A-BC51672413EB}.Release|Any CPU.ActiveCfg = Release|Any CPU
		{14E3F65E-2DB6-4522-B77A-BC51672413EB}.Release|Any CPU.Build.0 = Release|Any CPU
	EndGlobalSection
	GlobalSection(SolutionProperties) = preSolution
		HideSolutionNode = FALSE
	EndGlobalSection
	GlobalSection(NestedProjects) = preSolution
		{5561B0DA-692A-479B-B9F1-E6BDCE4BD973} = {9FAD3667-1C7D-49A1-80E9-BAE7B5D0F708}
		{A4A9591A-334D-4BD9-BDE7-449ADFF70480} = {39C216CB-DE1E-4531-B0C2-32BB07778FF1}
		{BDD84973-8035-4915-8ABF-C9AFD29DE55F} = {51F6785A-7FA3-4C3D-B4DA-9A7A73BCF392}
		{81273B44-1B8E-46E3-8815-4F38C99E8170} = {9FAD3667-1C7D-49A1-80E9-BAE7B5D0F708}
		{188C4413-6F4B-49FD-92BB-47247372F54E} = {81273B44-1B8E-46E3-8815-4F38C99E8170}
		{C80024C7-1A79-4C67-BDE3-DB318B0A84C5} = {81273B44-1B8E-46E3-8815-4F38C99E8170}
		{064ED874-34D0-4931-B6EC-CEEDE059E6EB} = {81273B44-1B8E-46E3-8815-4F38C99E8170}
		{37D412CF-733E-4611-8D9B-3C786BFAFDD5} = {81273B44-1B8E-46E3-8815-4F38C99E8170}
		{F0505C1E-1B45-4DA9-882C-F44ECAB5E2BB} = {81273B44-1B8E-46E3-8815-4F38C99E8170}
		{609848ED-C489-4B3D-B77E-B310EEA72014} = {81273B44-1B8E-46E3-8815-4F38C99E8170}
		{2076EB1D-F0A6-45CF-B606-01BB9B152BA7} = {609848ED-C489-4B3D-B77E-B310EEA72014}
		{DB3FF9D0-2959-4B62-9D01-73E602F0B038} = {9FAD3667-1C7D-49A1-80E9-BAE7B5D0F708}
		{64BE9D60-24BA-4320-B2EB-756DABC62109} = {9FAD3667-1C7D-49A1-80E9-BAE7B5D0F708}
		{78663F74-05DC-41C4-A79A-144CE6D6C16C} = {BE0B555D-7FE0-49DA-A06C-FE91D50881F1}
		{9D3130F1-2A9B-46DE-83E6-9E7BF77312C6} = {9FAD3667-1C7D-49A1-80E9-BAE7B5D0F708}
		{63F7BECF-F001-43BA-B293-3F06092E83B3} = {F074B393-1E07-482B-9FB1-8E6751247936}
		{98CB62C1-DAE1-4BED-94D9-9BA4C1166721} = {9FAD3667-1C7D-49A1-80E9-BAE7B5D0F708}
		{95B51385-768E-4FCD-A352-7DAF0DAB013A} = {9FAD3667-1C7D-49A1-80E9-BAE7B5D0F708}
		{2D38BC15-1CD1-4E53-BF8C-90EEE58CA76E} = {9FAD3667-1C7D-49A1-80E9-BAE7B5D0F708}
		{5447770B-E61E-4F61-9E89-5419E04A21ED} = {A8C4FE65-919B-43E8-8DEB-E0D6CADC083D}
		{ED4962BA-BE68-4989-9E2D-50241EAAAFBB} = {A8C4FE65-919B-43E8-8DEB-E0D6CADC083D}
		{34779FA3-D84D-4221-93CD-70BA69FD496B} = {A8C4FE65-919B-43E8-8DEB-E0D6CADC083D}
		{F7D37631-8C5C-4804-ACAC-265D272C4022} = {A8C4FE65-919B-43E8-8DEB-E0D6CADC083D}
		{154F14FF-5BE9-4085-B35A-ECF048118DBB} = {EF5E5080-114B-4A5B-A1B2-304E28A2D3ED}
		{DE366C43-6FE8-4BCF-A4C6-0DFAB58AEF24} = {F3B31D64-6B08-40CA-A094-6E8FD417CE5F}
		{478305CD-EEC3-417F-9C0C-0AC0618EDDEF} = {B69DBF02-E2AD-4BBD-8A4D-9CCDB3235863}
		{5A74CA45-F11C-491D-962F-37FC9F4F274D} = {12DF36F1-EEEC-45CF-9E0F-984AA58D4330}
		{40097E5C-3CC6-460B-A5DD-E5291669CF52} = {12DF36F1-EEEC-45CF-9E0F-984AA58D4330}
		{806A4E9D-5231-41FC-B889-329350253FE7} = {39C216CB-DE1E-4531-B0C2-32BB07778FF1}
		{74FA2A71-AF85-46E3-A105-CF1161DB713D} = {39C216CB-DE1E-4531-B0C2-32BB07778FF1}
		{A33CD810-8718-48A7-A7F5-6E33D3E970F0} = {39C216CB-DE1E-4531-B0C2-32BB07778FF1}
		{C489E5FB-016D-4A36-A909-20474C94B4F8} = {39C216CB-DE1E-4531-B0C2-32BB07778FF1}
		{14E3F65E-2DB6-4522-B77A-BC51672413EB} = {39C216CB-DE1E-4531-B0C2-32BB07778FF1}
	EndGlobalSection
	GlobalSection(ExtensibilityGlobals) = postSolution
		SolutionGuid = {45380AD1-D9AF-4EF7-B477-58FE2F3E014E}
	EndGlobalSection
EndGlobal
